# This file is autogenerated, do not edit; changes may be undone by the next 'dep ensure'.


[[projects]]
  name = "github.com/CityOfZion/neo-go"
  packages = [
    "pkg/crypto",
    "pkg/util"
  ]
  revision = "d77354db66d53b075e6ebe0002c4a81d3e16f227"
  version = "0.44.8"

[[projects]]
  name = "github.com/urfave/cli"
  packages = ["."]
  revision = "cfb38830724cc34fedffe9a2a29fb54fa9169cd1"
  version = "v1.20.0"

[[projects]]
  branch = "master"
  name = "golang.org/x/crypto"
  packages = ["ripemd160"]
  revision = "614d502a4dac94afa3a6ce146bd1736da82514c6"

[[projects]]
  branch = "master"
  name = "golang.org/x/tools"
  packages = [
    "go/ast/astutil",
    "go/buildutil",
    "go/internal/cgo",
    "go/loader"
  ]
  revision = "c1406c36efe20fb423f43a73518f0454febeed1f"

[solve-meta]
  analyzer-name = "dep"
  analyzer-version = 1
  inputs-digest = "89b2b342056085a16d114cc1ff58098b8a9813b4825293b64e8a32c923882d00"
  solver-name = "gps-cdcl"
  solver-version = 1
