# This file is autogenerated, do not edit; changes may be undone by the next 'dep ensure'.


[[projects]]
  name = "github.com/CityOfZion/neo-go"
  packages = [
    "pkg/crypto",
    "pkg/util",
    "pkg/vm"
  ]
  revision = "34a37ff51d1aa69b5494f9494829950b975e5192"
  version = "0.44.7"

[[projects]]
  branch = "master"
  name = "golang.org/x/crypto"
  packages = ["ripemd160"]
  revision = "aabede6cba87e37f413b3e60ebfc214f8eeca1b0"

[[projects]]
  branch = "master"
  name = "golang.org/x/tools"
  packages = [
    "go/ast/astutil",
    "go/buildutil",
    "go/internal/cgo",
    "go/loader"
  ]
  revision = "7d1dc997617fb662918b6ea95efc19faa87e1cf8"

[solve-meta]
  analyzer-name = "dep"
  analyzer-version = 1
  inputs-digest = "a37fd71b9837be1746fcfdaf39cdc964b8ab99cb444552053d1537e56240ae2d"
  solver-name = "gps-cdcl"
  solver-version = 1
